
Microsoft Visual Studio Solution File, Format Version 12.00
# Visual Studio Version 17
VisualStudioVersion = 17.10.34607.79
MinimumVisualStudioVersion = 10.0.40219.1
Project("{FAE04EC0-301F-11D3-BF4B-00C04F79EFBC}") = "SHELTER_api_client", "SHELTER_api_client.csproj", "{DC51D488-9ADF-4CCB-9CD3-1D41B21E6216}"
EndProject
Global
	GlobalSection(SolutionConfigurationPlatforms) = preSolution
		Debug|Any CPU = Debug|Any CPU
		Release|Any CPU = Release|Any CPU
	EndGlobalSection
	GlobalSection(ProjectConfigurationPlatforms) = postSolution
		{DC51D488-9ADF-4CCB-9CD3-1D41B21E6216}.Debug|Any CPU.ActiveCfg = Debug|Any CPU
		{DC51D488-9ADF-4CCB-9CD3-1D41B21E6216}.Debug|Any CPU.Build.0 = Debug|Any CPU
		{DC51D488-9ADF-4CCB-9CD3-1D41B21E6216}.Release|Any CPU.ActiveCfg = Release|Any CPU
		{DC51D488-9ADF-4CCB-9CD3-1D41B21E6216}.Release|Any CPU.Build.0 = Release|Any CPU
	EndGlobalSection
	GlobalSection(SolutionProperties) = preSolution
		HideSolutionNode = FALSE
	EndGlobalSection
	GlobalSection(ExtensibilityGlobals) = postSolution
		SolutionGuid = {81CB3C0D-408E-4451-93CD-FF92EFE2282B}
	EndGlobalSection
EndGlobal
